<?xml version="1.0" encoding="utf-8"?>
<Project ToolsVersion="4.0" xmlns="http://schemas.microsoft.com/developer/msbuild/2003">
  <ItemGroup>
    <Filter Include="Source Files">
      <UniqueIdentifier>{AB3385F0-7D7B-47C1-89BD-DA8C72B20FB6}</UniqueIdentifier>
      <Extensions>cpp;c;cc;cxx;def;odl;idl;hpj;bat;asm;asmx</Extensions>
    </Filter>
    <Filter Include="Header Files">
      <UniqueIdentifier>{3C3D0693-1A50-446C-8048-343363D4E84D}</UniqueIdentifier>
      <Extensions>h;hh;hpp;hxx;hm;inl;inc;xsd</Extensions>
    </Filter>
    <Filter Include="Resource Files">
      <UniqueIdentifier>{81BB8FA8-29C6-491D-B5A4-AEF346AF56EC}</UniqueIdentifier>
      <Extensions>rc;ico;cur;bmp;dlg;rc2;rct;bin;rgs;gif;jpg;jpeg;jpe;resx;tiff;tif;png;wav;mfcribbon-ms</Extensions>
    </Filter>
  </ItemGroup>
  <ItemGroup>
    <ClCompile Include="src\main.c">
      <Filter>Source Files</Filter>
    </ClCompile>
    <ClCompile Include="..\routine\src\rapp.c">
      <Filter>Source Files</Filter>
    </ClCompile>
    <ClCompile Include="..\routine\src\routine.c">
      <Filter>Source Files</Filter>
    </ClCompile>
    <ClCompile Include="src\lzma\7zAlloc.c">
      <Filter>Source Files</Filter>
    </ClCompile>
    <ClCompile Include="src\lzma\7zArcIn.c">
      <Filter>Source Files</Filter>
    </ClCompile>
    <ClCompile Include="src\lzma\7zBuf.c">
      <Filter>Source Files</Filter>
    </ClCompile>
    <ClCompile Include="src\lzma\7zBuf2.c">
      <Filter>Source Files</Filter>
    </ClCompile>
    <ClCompile Include="src\lzma\7zCrc.c">
      <Filter>Source Files</Filter>
    </ClCompile>
    <ClCompile Include="src\lzma\7zCrcOpt.c">
      <Filter>Source Files</Filter>
    </ClCompile>
    <ClCompile Include="src\lzma\7zDec.c">
      <Filter>Source Files</Filter>
    </ClCompile>
    <ClCompile Include="src\lzma\7zFile.c">
      <Filter>Source Files</Filter>
    </ClCompile>
    <ClCompile Include="src\lzma\7zStream.c">
      <Filter>Source Files</Filter>
    </ClCompile>
    <ClCompile Include="src\lzma\Aes.c">
      <Filter>Source Files</Filter>
    </ClCompile>
    <ClCompile Include="src\lzma\AesOpt.c">
      <Filter>Source Files</Filter>
    </ClCompile>
    <ClCompile Include="src\lzma\Alloc.c">
      <Filter>Source Files</Filter>
    </ClCompile>
    <ClCompile Include="src\lzma\Bcj2.c">
      <Filter>Source Files</Filter>
    </ClCompile>
    <ClCompile Include="src\lzma\Bcj2Enc.c">
      <Filter>Source Files</Filter>
    </ClCompile>
    <ClCompile Include="src\lzma\Blake2s.c">
      <Filter>Source Files</Filter>
    </ClCompile>
    <ClCompile Include="src\lzma\Bra.c">
      <Filter>Source Files</Filter>
    </ClCompile>
    <ClCompile Include="src\lzma\Bra86.c">
      <Filter>Source Files</Filter>
    </ClCompile>
    <ClCompile Include="src\lzma\BraIA64.c">
      <Filter>Source Files</Filter>
    </ClCompile>
    <ClCompile Include="src\lzma\BwtSort.c">
      <Filter>Source Files</Filter>
    </ClCompile>
    <ClCompile Include="src\lzma\CpuArch.c">
      <Filter>Source Files</Filter>
    </ClCompile>
    <ClCompile Include="src\lzma\Delta.c">
      <Filter>Source Files</Filter>
    </ClCompile>
    <ClCompile Include="src\lzma\DllSecur.c">
      <Filter>Source Files</Filter>
    </ClCompile>
    <ClCompile Include="src\lzma\HuffEnc.c">
      <Filter>Source Files</Filter>
    </ClCompile>
    <ClCompile Include="src\lzma\LzFind.c">
      <Filter>Source Files</Filter>
    </ClCompile>
    <ClCompile Include="src\lzma\LzFindMt.c">
      <Filter>Source Files</Filter>
    </ClCompile>
    <ClCompile Include="src\lzma\LzFindOpt.c">
      <Filter>Source Files</Filter>
    </ClCompile>
    <ClCompile Include="src\lzma\Lzma2Dec.c">
      <Filter>Source Files</Filter>
    </ClCompile>
    <ClCompile Include="src\lzma\Lzma2DecMt.c">
      <Filter>Source Files</Filter>
    </ClCompile>
    <ClCompile Include="src\lzma\Lzma2Enc.c">
      <Filter>Source Files</Filter>
    </ClCompile>
    <ClCompile Include="src\lzma\Lzma86Dec.c">
      <Filter>Source Files</Filter>
    </ClCompile>
    <ClCompile Include="src\lzma\Lzma86Enc.c">
      <Filter>Source Files</Filter>
    </ClCompile>
    <ClCompile Include="src\lzma\LzmaDec.c">
      <Filter>Source Files</Filter>
    </ClCompile>
    <ClCompile Include="src\lzma\LzmaEnc.c">
      <Filter>Source Files</Filter>
    </ClCompile>
    <ClCompile Include="src\lzma\LzmaLib.c">
      <Filter>Source Files</Filter>
    </ClCompile>
    <ClCompile Include="src\lzma\MtCoder.c">
      <Filter>Source Files</Filter>
    </ClCompile>
    <ClCompile Include="src\lzma\MtDec.c">
      <Filter>Source Files</Filter>
    </ClCompile>
    <ClCompile Include="src\lzma\Ppmd7.c">
      <Filter>Source Files</Filter>
    </ClCompile>
    <ClCompile Include="src\lzma\Ppmd7aDec.c">
      <Filter>Source Files</Filter>
    </ClCompile>
    <ClCompile Include="src\lzma\Ppmd7Dec.c">
      <Filter>Source Files</Filter>
    </ClCompile>
    <ClCompile Include="src\lzma\Ppmd7Enc.c">
      <Filter>Source Files</Filter>
    </ClCompile>
    <ClCompile Include="src\lzma\Ppmd8.c">
      <Filter>Source Files</Filter>
    </ClCompile>
    <ClCompile Include="src\lzma\Ppmd8Dec.c">
      <Filter>Source Files</Filter>
    </ClCompile>
    <ClCompile Include="src\lzma\Ppmd8Enc.c">
      <Filter>Source Files</Filter>
    </ClCompile>
    <ClCompile Include="src\lzma\Sha1.c">
      <Filter>Source Files</Filter>
    </ClCompile>
    <ClCompile Include="src\lzma\Sha1Opt.c">
      <Filter>Source Files</Filter>
    </ClCompile>
    <ClCompile Include="src\lzma\Sha256.c">
      <Filter>Source Files</Filter>
    </ClCompile>
    <ClCompile Include="src\lzma\Sha256Opt.c">
      <Filter>Source Files</Filter>
    </ClCompile>
    <ClCompile Include="src\lzma\Sort.c">
      <Filter>Source Files</Filter>
    </ClCompile>
    <ClCompile Include="src\lzma\Threads.c">
      <Filter>Source Files</Filter>
    </ClCompile>
    <ClCompile Include="src\lzma\Xz.c">
      <Filter>Source Files</Filter>
    </ClCompile>
    <ClCompile Include="src\lzma\XzCrc64.c">
      <Filter>Source Files</Filter>
    </ClCompile>
    <ClCompile Include="src\lzma\XzCrc64Opt.c">
      <Filter>Source Files</Filter>
    </ClCompile>
    <ClCompile Include="src\lzma\XzDec.c">
      <Filter>Source Files</Filter>
    </ClCompile>
    <ClCompile Include="src\lzma\XzEnc.c">
      <Filter>Source Files</Filter>
    </ClCompile>
    <ClCompile Include="src\lzma\XzIn.c">
      <Filter>Source Files</Filter>
    </ClCompile>
    <ClCompile Include="src\miniz.c">
      <Filter>Source Files</Filter>
    </ClCompile>
  </ItemGroup>
  <ItemGroup>
    <ClInclude Include="src\main.h">
      <Filter>Header Files</Filter>
    </ClInclude>
    <ClInclude Include="src\app.h">
      <Filter>Header Files</Filter>
    </ClInclude>
    <ClInclude Include="src\resource.h">
      <Filter>Header Files</Filter>
    </ClInclude>
    <ClInclude Include="..\routine\src\rtypes.h">
      <Filter>Header Files</Filter>
    </ClInclude>
    <ClInclude Include="..\routine\src\ntapi.h">
      <Filter>Header Files</Filter>
    </ClInclude>
    <ClInclude Include="..\routine\src\ntrtl.h">
      <Filter>Header Files</Filter>
    </ClInclude>
    <ClInclude Include="..\routine\src\rapp.h">
      <Filter>Header Files</Filter>
    </ClInclude>
    <ClInclude Include="..\routine\src\rconfig.h">
      <Filter>Header Files</Filter>
    </ClInclude>
    <ClInclude Include="..\routine\src\routine.h">
      <Filter>Header Files</Filter>
    </ClInclude>
    <ClInclude Include="src\lzma\7z.h">
      <Filter>Header Files</Filter>
    </ClInclude>
    <ClInclude Include="src\lzma\7zAlloc.h">
      <Filter>Header Files</Filter>
    </ClInclude>
    <ClInclude Include="src\lzma\7zBuf.h">
      <Filter>Header Files</Filter>
    </ClInclude>
    <ClInclude Include="src\lzma\7zCrc.h">
      <Filter>Header Files</Filter>
    </ClInclude>
    <ClInclude Include="src\lzma\7zFile.h">
      <Filter>Header Files</Filter>
    </ClInclude>
    <ClInclude Include="src\lzma\7zTypes.h">
      <Filter>Header Files</Filter>
    </ClInclude>
    <ClInclude Include="src\lzma\7zVersion.h">
      <Filter>Header Files</Filter>
    </ClInclude>
    <ClInclude Include="src\lzma\Aes.h">
      <Filter>Header Files</Filter>
    </ClInclude>
    <ClInclude Include="src\lzma\Alloc.h">
      <Filter>Header Files</Filter>
    </ClInclude>
    <ClInclude Include="src\lzma\Bcj2.h">
      <Filter>Header Files</Filter>
    </ClInclude>
    <ClInclude Include="src\lzma\Blake2.h">
      <Filter>Header Files</Filter>
    </ClInclude>
    <ClInclude Include="src\lzma\Bra.h">
      <Filter>Header Files</Filter>
    </ClInclude>
    <ClInclude Include="src\lzma\BwtSort.h">
      <Filter>Header Files</Filter>
    </ClInclude>
    <ClInclude Include="src\lzma\Compiler.h">
      <Filter>Header Files</Filter>
    </ClInclude>
    <ClInclude Include="src\lzma\CpuArch.h">
      <Filter>Header Files</Filter>
    </ClInclude>
    <ClInclude Include="src\lzma\Delta.h">
      <Filter>Header Files</Filter>
    </ClInclude>
    <ClInclude Include="src\lzma\DllSecur.h">
      <Filter>Header Files</Filter>
    </ClInclude>
    <ClInclude Include="src\lzma\HuffEnc.h">
      <Filter>Header Files</Filter>
    </ClInclude>
    <ClInclude Include="src\lzma\LzFind.h">
      <Filter>Header Files</Filter>
    </ClInclude>
    <ClInclude Include="src\lzma\LzFindMt.h">
      <Filter>Header Files</Filter>
    </ClInclude>
    <ClInclude Include="src\lzma\LzHash.h">
      <Filter>Header Files</Filter>
    </ClInclude>
    <ClInclude Include="src\lzma\Lzma2Dec.h">
      <Filter>Header Files</Filter>
    </ClInclude>
    <ClInclude Include="src\lzma\Lzma2DecMt.h">
      <Filter>Header Files</Filter>
    </ClInclude>
    <ClInclude Include="src\lzma\Lzma2Enc.h">
      <Filter>Header Files</Filter>
    </ClInclude>
    <ClInclude Include="src\lzma\Lzma86.h">
      <Filter>Header Files</Filter>
    </ClInclude>
    <ClInclude Include="src\lzma\LzmaDec.h">
      <Filter>Header Files</Filter>
    </ClInclude>
    <ClInclude Include="src\lzma\LzmaEnc.h">
      <Filter>Header Files</Filter>
    </ClInclude>
    <ClInclude Include="src\lzma\LzmaLib.h">
      <Filter>Header Files</Filter>
    </ClInclude>
    <ClInclude Include="src\lzma\MtCoder.h">
      <Filter>Header Files</Filter>
    </ClInclude>
    <ClInclude Include="src\lzma\MtDec.h">
      <Filter>Header Files</Filter>
    </ClInclude>
    <ClInclude Include="src\lzma\Ppmd.h">
      <Filter>Header Files</Filter>
    </ClInclude>
    <ClInclude Include="src\lzma\Ppmd7.h">
      <Filter>Header Files</Filter>
    </ClInclude>
    <ClInclude Include="src\lzma\Ppmd8.h">
      <Filter>Header Files</Filter>
    </ClInclude>
    <ClInclude Include="src\lzma\Precomp.h">
      <Filter>Header Files</Filter>
    </ClInclude>
    <ClInclude Include="src\lzma\RotateDefs.h">
      <Filter>Header Files</Filter>
    </ClInclude>
    <ClInclude Include="src\lzma\Sha1.h">
      <Filter>Header Files</Filter>
    </ClInclude>
    <ClInclude Include="src\lzma\Sha256.h">
      <Filter>Header Files</Filter>
    </ClInclude>
    <ClInclude Include="src\lzma\Sort.h">
      <Filter>Header Files</Filter>
    </ClInclude>
    <ClInclude Include="src\lzma\Threads.h">
      <Filter>Header Files</Filter>
    </ClInclude>
    <ClInclude Include="src\lzma\Xz.h">
      <Filter>Header Files</Filter>
    </ClInclude>
    <ClInclude Include="src\lzma\XzCrc64.h">
      <Filter>Header Files</Filter>
    </ClInclude>
    <ClInclude Include="src\lzma\XzEnc.h">
      <Filter>Header Files</Filter>
    </ClInclude>
    <ClInclude Include="src\miniz.h">
      <Filter>Header Files</Filter>
    </ClInclude>
  </ItemGroup>
  <ItemGroup>
    <ResourceCompile Include="src\resource.rc">
      <Filter>Resource Files</Filter>
    </ResourceCompile>
  </ItemGroup>
</Project>