<?xml version="1.0" encoding="utf-8"?>
<Project ToolsVersion="4.0" xmlns="http://schemas.microsoft.com/developer/msbuild/2003">
  <ItemGroup>
    <Filter Include="Source Files">
      <UniqueIdentifier>{AB3385F0-7D7B-47C1-89BD-DA8C72B20FB6}</UniqueIdentifier>
      <Extensions>cpp;c;cc;cxx;def;odl;idl;hpj;bat;asm;asmx</Extensions>
    </Filter>
    <Filter Include="Header Files">
      <UniqueIdentifier>{3C3D0693-1A50-446C-8048-343363D4E84D}</UniqueIdentifier>
      <Extensions>h;hh;hpp;hxx;hm;inl;inc;xsd</Extensions>
    </Filter>
    <Filter Include="Resource Files">
      <UniqueIdentifier>{81BB8FA8-29C6-491D-B5A4-AEF346AF56EC}</UniqueIdentifier>
      <Extensions>rc;ico;cur;bmp;dlg;rc2;rct;bin;rgs;gif;jpg;jpeg;jpe;resx;tiff;tif;png;wav;mfcribbon-ms</Extensions>
    </Filter>
  </ItemGroup>
  <ItemGroup>
    <ClCompile Include="src\include\Aes.c">
      <Filter>Source Files</Filter>
    </ClCompile>
    <ClCompile Include="src\include\AesOpt.c">
      <Filter>Source Files</Filter>
    </ClCompile>
    <ClCompile Include="src\include\Alloc.c">
      <Filter>Source Files</Filter>
    </ClCompile>
    <ClCompile Include="src\include\Bcj2.c">
      <Filter>Source Files</Filter>
    </ClCompile>
    <ClCompile Include="src\include\Bcj2Enc.c">
      <Filter>Source Files</Filter>
    </ClCompile>
    <ClCompile Include="src\include\Bra.c">
      <Filter>Source Files</Filter>
    </ClCompile>
    <ClCompile Include="src\include\Bra86.c">
      <Filter>Source Files</Filter>
    </ClCompile>
    <ClCompile Include="src\include\BraIA64.c">
      <Filter>Source Files</Filter>
    </ClCompile>
    <ClCompile Include="src\include\CpuArch.c">
      <Filter>Source Files</Filter>
    </ClCompile>
    <ClCompile Include="src\include\Delta.c">
      <Filter>Source Files</Filter>
    </ClCompile>
    <ClCompile Include="src\include\DllSecur.c">
      <Filter>Source Files</Filter>
    </ClCompile>
    <ClCompile Include="src\include\LzFind.c">
      <Filter>Source Files</Filter>
    </ClCompile>
    <ClCompile Include="src\include\LzFindMt.c">
      <Filter>Source Files</Filter>
    </ClCompile>
    <ClCompile Include="src\include\Lzma2Dec.c">
      <Filter>Source Files</Filter>
    </ClCompile>
    <ClCompile Include="src\include\Lzma2DecMt.c">
      <Filter>Source Files</Filter>
    </ClCompile>
    <ClCompile Include="src\include\Lzma2Enc.c">
      <Filter>Source Files</Filter>
    </ClCompile>
    <ClCompile Include="src\include\Lzma86Dec.c">
      <Filter>Source Files</Filter>
    </ClCompile>
    <ClCompile Include="src\include\Lzma86Enc.c">
      <Filter>Source Files</Filter>
    </ClCompile>
    <ClCompile Include="src\include\LzmaDec.c">
      <Filter>Source Files</Filter>
    </ClCompile>
    <ClCompile Include="src\include\LzmaEnc.c">
      <Filter>Source Files</Filter>
    </ClCompile>
    <ClCompile Include="src\include\LzmaLib.c">
      <Filter>Source Files</Filter>
    </ClCompile>
    <ClCompile Include="src\include\MtCoder.c">
      <Filter>Source Files</Filter>
    </ClCompile>
    <ClCompile Include="src\include\MtDec.c">
      <Filter>Source Files</Filter>
    </ClCompile>
    <ClCompile Include="src\include\Ppmd7.c">
      <Filter>Source Files</Filter>
    </ClCompile>
    <ClCompile Include="src\include\Ppmd7Dec.c">
      <Filter>Source Files</Filter>
    </ClCompile>
    <ClCompile Include="src\include\Ppmd7Enc.c">
      <Filter>Source Files</Filter>
    </ClCompile>
    <ClCompile Include="src\include\Sha256.c">
      <Filter>Source Files</Filter>
    </ClCompile>
    <ClCompile Include="src\include\Sort.c">
      <Filter>Source Files</Filter>
    </ClCompile>
    <ClCompile Include="src\include\Threads.c">
      <Filter>Source Files</Filter>
    </ClCompile>
    <ClCompile Include="src\include\Xz.c">
      <Filter>Source Files</Filter>
    </ClCompile>
    <ClCompile Include="src\include\XzCrc64.c">
      <Filter>Source Files</Filter>
    </ClCompile>
    <ClCompile Include="src\include\XzCrc64Opt.c">
      <Filter>Source Files</Filter>
    </ClCompile>
    <ClCompile Include="src\include\XzDec.c">
      <Filter>Source Files</Filter>
    </ClCompile>
    <ClCompile Include="src\include\XzEnc.c">
      <Filter>Source Files</Filter>
    </ClCompile>
    <ClCompile Include="src\include\XzIn.c">
      <Filter>Source Files</Filter>
    </ClCompile>
    <ClCompile Include="src\include\7zAlloc.c">
      <Filter>Source Files</Filter>
    </ClCompile>
    <ClCompile Include="src\include\7zArcIn.c">
      <Filter>Source Files</Filter>
    </ClCompile>
    <ClCompile Include="src\include\7zBuf.c">
      <Filter>Source Files</Filter>
    </ClCompile>
    <ClCompile Include="src\include\7zBuf2.c">
      <Filter>Source Files</Filter>
    </ClCompile>
    <ClCompile Include="src\include\7zCrc.c">
      <Filter>Source Files</Filter>
    </ClCompile>
    <ClCompile Include="src\include\7zCrcOpt.c">
      <Filter>Source Files</Filter>
    </ClCompile>
    <ClCompile Include="src\include\7zDec.c">
      <Filter>Source Files</Filter>
    </ClCompile>
    <ClCompile Include="src\include\7zFile.c">
      <Filter>Source Files</Filter>
    </ClCompile>
    <ClCompile Include="src\include\7zStream.c">
      <Filter>Source Files</Filter>
    </ClCompile>
    <ClCompile Include="src\main.c">
      <Filter>Source Files</Filter>
    </ClCompile>
    <ClCompile Include="..\routine\routine.c">
      <Filter>Source Files</Filter>
    </ClCompile>
    <ClCompile Include="..\routine\rapp.c">
      <Filter>Source Files</Filter>
    </ClCompile>
    <ClCompile Include="src\include\miniz.c">
      <Filter>Source Files</Filter>
    </ClCompile>
    <ClCompile Include="src\include\LzFindOpt.c">
      <Filter>Source Files</Filter>
    </ClCompile>
    <ClCompile Include="src\include\Sha256Opt.c">
      <Filter>Source Files</Filter>
    </ClCompile>
  </ItemGroup>
  <ItemGroup>
    <ClInclude Include="src\main.h">
      <Filter>Header Files</Filter>
    </ClInclude>
    <ClInclude Include="src\app.h">
      <Filter>Header Files</Filter>
    </ClInclude>
    <ClInclude Include="src\resource.h">
      <Filter>Header Files</Filter>
    </ClInclude>
    <ClInclude Include="src\include\7zVersion.h">
      <Filter>Header Files</Filter>
    </ClInclude>
    <ClInclude Include="src\include\Aes.h">
      <Filter>Header Files</Filter>
    </ClInclude>
    <ClInclude Include="src\include\Alloc.h">
      <Filter>Header Files</Filter>
    </ClInclude>
    <ClInclude Include="src\include\Bcj2.h">
      <Filter>Header Files</Filter>
    </ClInclude>
    <ClInclude Include="src\include\Bra.h">
      <Filter>Header Files</Filter>
    </ClInclude>
    <ClInclude Include="src\include\Compiler.h">
      <Filter>Header Files</Filter>
    </ClInclude>
    <ClInclude Include="src\include\CpuArch.h">
      <Filter>Header Files</Filter>
    </ClInclude>
    <ClInclude Include="src\include\Delta.h">
      <Filter>Header Files</Filter>
    </ClInclude>
    <ClInclude Include="src\include\DllSecur.h">
      <Filter>Header Files</Filter>
    </ClInclude>
    <ClInclude Include="src\include\LzFind.h">
      <Filter>Header Files</Filter>
    </ClInclude>
    <ClInclude Include="src\include\LzFindMt.h">
      <Filter>Header Files</Filter>
    </ClInclude>
    <ClInclude Include="src\include\LzHash.h">
      <Filter>Header Files</Filter>
    </ClInclude>
    <ClInclude Include="src\include\Lzma2Dec.h">
      <Filter>Header Files</Filter>
    </ClInclude>
    <ClInclude Include="src\include\Lzma2DecMt.h">
      <Filter>Header Files</Filter>
    </ClInclude>
    <ClInclude Include="src\include\Lzma2Enc.h">
      <Filter>Header Files</Filter>
    </ClInclude>
    <ClInclude Include="src\include\Lzma86.h">
      <Filter>Header Files</Filter>
    </ClInclude>
    <ClInclude Include="src\include\LzmaDec.h">
      <Filter>Header Files</Filter>
    </ClInclude>
    <ClInclude Include="src\include\LzmaEnc.h">
      <Filter>Header Files</Filter>
    </ClInclude>
    <ClInclude Include="src\include\LzmaLib.h">
      <Filter>Header Files</Filter>
    </ClInclude>
    <ClInclude Include="src\include\MtCoder.h">
      <Filter>Header Files</Filter>
    </ClInclude>
    <ClInclude Include="src\include\MtDec.h">
      <Filter>Header Files</Filter>
    </ClInclude>
    <ClInclude Include="src\include\Ppmd.h">
      <Filter>Header Files</Filter>
    </ClInclude>
    <ClInclude Include="src\include\Ppmd7.h">
      <Filter>Header Files</Filter>
    </ClInclude>
    <ClInclude Include="src\include\Precomp.h">
      <Filter>Header Files</Filter>
    </ClInclude>
    <ClInclude Include="src\include\RotateDefs.h">
      <Filter>Header Files</Filter>
    </ClInclude>
    <ClInclude Include="src\include\Sha256.h">
      <Filter>Header Files</Filter>
    </ClInclude>
    <ClInclude Include="src\include\Sort.h">
      <Filter>Header Files</Filter>
    </ClInclude>
    <ClInclude Include="src\include\Threads.h">
      <Filter>Header Files</Filter>
    </ClInclude>
    <ClInclude Include="src\include\Xz.h">
      <Filter>Header Files</Filter>
    </ClInclude>
    <ClInclude Include="src\include\XzCrc64.h">
      <Filter>Header Files</Filter>
    </ClInclude>
    <ClInclude Include="src\include\XzEnc.h">
      <Filter>Header Files</Filter>
    </ClInclude>
    <ClInclude Include="src\include\7z.h">
      <Filter>Header Files</Filter>
    </ClInclude>
    <ClInclude Include="src\include\7zAlloc.h">
      <Filter>Header Files</Filter>
    </ClInclude>
    <ClInclude Include="src\include\7zBuf.h">
      <Filter>Header Files</Filter>
    </ClInclude>
    <ClInclude Include="src\include\7zCrc.h">
      <Filter>Header Files</Filter>
    </ClInclude>
    <ClInclude Include="src\include\7zFile.h">
      <Filter>Header Files</Filter>
    </ClInclude>
    <ClInclude Include="src\include\7zTypes.h">
      <Filter>Header Files</Filter>
    </ClInclude>
    <ClInclude Include="..\routine\routine.h">
      <Filter>Header Files</Filter>
    </ClInclude>
    <ClInclude Include="..\routine\ntapi.h">
      <Filter>Header Files</Filter>
    </ClInclude>
    <ClInclude Include="..\routine\rapp.h">
      <Filter>Header Files</Filter>
    </ClInclude>
    <ClInclude Include="..\routine\rconfig.h">
      <Filter>Header Files</Filter>
    </ClInclude>
    <ClInclude Include="src\include\miniz.h">
      <Filter>Header Files</Filter>
    </ClInclude>
    <ClInclude Include="..\routine\rtypes.h">
      <Filter>Header Files</Filter>
    </ClInclude>
  </ItemGroup>
  <ItemGroup>
    <ResourceCompile Include="src\resource.rc">
      <Filter>Resource Files</Filter>
    </ResourceCompile>
  </ItemGroup>
</Project>